{"version":4,"terraform_version":"1.8.5","serial":12,"lineage":"0e7d76ce-2dd4-6c57-3717-d395e90c669d","outputs":{},"resources":[{"mode":"data","type":"template_file","name":"network_config","provider":"provider[\"registry.opentofu.org/hashicorp/template\"]","instances":[{"schema_version":0,"attributes":{"filename":null,"id":"bcfb7206d4010e07ad6c96e98f4bc3a12b6b3cc1eb45e32b7da63bc0a848c529","rendered":"version: 2\nethernets:\n  ens3:\n    dhcp4: true","template":"version: 2\nethernets:\n  ens3:\n    dhcp4: true","vars":null},"sensitive_attributes":[]}]},{"mode":"data","type":"template_file","name":"user_data","provider":"provider[\"registry.opentofu.org/hashicorp/template\"]","instances":[{"schema_version":0,"attributes":{"filename":null,"id":"fb676241c61328cecb39e5ef8dbeddc11255b233a6d039fb8642d91fcc987ea3","rendered":"bootcmd:\n  - echo 192.168.0.1 \u003e\u003e /etc/hosts\nruncmd:\n - [ ls, -l, / ]\n - [ sh, -xc, \"echo $(date) ': hello world!'\" ]\nssh_pwauth: true\ndisable_root: false\nchpasswd:\n  list: |\n     root:password\n  expire: false\nusers:\n  - name: ubuntu\n    sudo: ALL=(ALL) NOPASSWD:ALL\n    groups: users, admin\n    home: /home/ubuntu\n    shell: /bin/bash\n    lock_passwd: false\n    ssh-authorized-keys:\n      - ssh-rsa AAAA ...your-public-ssh-key-goes-here... user@host\nfinal_message: \"The system is finally up, after $UPTIME seconds\"","template":"bootcmd:\n  - echo 192.168.0.1 \u003e\u003e /etc/hosts\nruncmd:\n - [ ls, -l, / ]\n - [ sh, -xc, \"echo $(date) ': hello world!'\" ]\nssh_pwauth: true\ndisable_root: false\nchpasswd:\n  list: |\n     root:password\n  expire: false\nusers:\n  - name: ubuntu\n    sudo: ALL=(ALL) NOPASSWD:ALL\n    groups: users, admin\n    home: /home/ubuntu\n    shell: /bin/bash\n    lock_passwd: false\n    ssh-authorized-keys:\n      - ssh-rsa AAAA ...your-public-ssh-key-goes-here... user@host\nfinal_message: \"The system is finally up, after $UPTIME seconds\"","vars":null},"sensitive_attributes":[]}]},{"mode":"managed","type":"libvirt_cloudinit_disk","name":"commoninit","provider":"provider[\"registry.opentofu.org/dmacvicar/libvirt\"]","instances":[{"schema_version":0,"attributes":{"id":"/var/lib/libvirt/images/commoninit.iso;73d2aded-e3ad-44e7-99a1-c282ad97022a","meta_data":"","name":"commoninit.iso","network_config":"version: 2\nethernets:\n  ens3:\n    dhcp4: true","pool":"default","user_data":"bootcmd:\n  - echo 192.168.0.1 \u003e\u003e /etc/hosts\nruncmd:\n - [ ls, -l, / ]\n - [ sh, -xc, \"echo $(date) ': hello world!'\" ]\nssh_pwauth: true\ndisable_root: false\nchpasswd:\n  list: |\n     root:password\n  expire: false\nusers:\n  - name: ubuntu\n    sudo: ALL=(ALL) NOPASSWD:ALL\n    groups: users, admin\n    home: /home/ubuntu\n    shell: /bin/bash\n    lock_passwd: false\n    ssh-authorized-keys:\n      - ssh-rsa AAAA ...your-public-ssh-key-goes-here... user@host\nfinal_message: \"The system is finally up, after $UPTIME seconds\""},"sensitive_attributes":[],"private":"bnVsbA==","dependencies":["data.template_file.network_config","data.template_file.user_data"]}]},{"mode":"managed","type":"libvirt_domain","name":"domain-ubuntu","provider":"provider[\"registry.opentofu.org/dmacvicar/libvirt\"]","instances":[{"schema_version":0,"attributes":{"arch":"x86_64","autostart":false,"boot_device":[],"cloudinit":"/var/lib/libvirt/images/commoninit.iso;73d2aded-e3ad-44e7-99a1-c282ad97022a","cmdline":null,"console":[{"source_host":"127.0.0.1","source_path":"","source_service":"0","target_port":"0","target_type":"serial","type":"pty"},{"source_host":"127.0.0.1","source_path":"","source_service":"0","target_port":"1","target_type":"virtio","type":"pty"}],"coreos_ignition":null,"cpu":[{"mode":"custom"}],"description":"","disk":[{"block_device":"","file":"","scsi":false,"url":"","volume_id":"/var/lib/libvirt/images/ubuntu20.qcow2","wwn":""}],"emulator":"/usr/bin/qemu-system-x86_64","filesystem":[],"firmware":null,"fw_cfg_name":"opt/com.coreos/config","graphics":[{"autoport":true,"listen_address":"127.0.0.1","listen_type":"address","type":"spice","websocket":0}],"id":"9f60148f-3eb9-4a85-8ac0-5b283e54f7d3","initrd":"","kernel":"","machine":"pc","memory":1024,"metadata":null,"name":"mesin1","network_interface":[{"addresses":["192.168.122.192"],"bridge":"","hostname":"mesin1","mac":"52:54:00:E2:7B:3D","macvtap":"","network_id":"87a5983b-1b95-4e97-9750-b38942a6047c","network_name":"default","passthrough":"","vepa":"","wait_for_lease":true}],"nvram":null,"qemu_agent":false,"running":true,"timeouts":null,"tpm":[],"type":"kvm","vcpu":1,"video":[],"xml":[]},"sensitive_attributes":[],"private":"eyJlMmJmYjczMC1lY2FhLTExZTYtOGY4OC0zNDM2M2JjN2M0YzAiOnsiY3JlYXRlIjozMDAwMDAwMDAwMDB9fQ==","dependencies":["data.template_file.network_config","data.template_file.user_data","libvirt_cloudinit_disk.commoninit","libvirt_volume.ubuntu20-qcow2"]}]},{"mode":"managed","type":"libvirt_volume","name":"ubuntu20-qcow2","provider":"provider[\"registry.opentofu.org/dmacvicar/libvirt\"]","instances":[{"schema_version":0,"attributes":{"base_volume_id":null,"base_volume_name":null,"base_volume_pool":null,"format":"qcow2","id":"/var/lib/libvirt/images/ubuntu20.qcow2","name":"ubuntu20.qcow2","pool":"default","size":2361393152,"source":"https://cloud-images.ubuntu.com/releases/focal/release/ubuntu-20.04-server-cloudimg-amd64.img","xml":[]},"sensitive_attributes":[],"private":"bnVsbA=="}]}],"check_results":null}
